
Microsoft Visual Studio Solution File, Format Version 12.00
# Visual Studio 2013
VisualStudioVersion = 12.0.40629.0
MinimumVisualStudioVersion = 10.0.40219.1
Project("{FAE04EC0-301F-11D3-BF4B-00C04F79EFBC}") = "LeBoy", "LeBoy\LeBoy.csproj", "{45B644F2-BD6C-4AA3-92D8-1911E8976826}"
EndProject
Project("{FAE04EC0-301F-11D3-BF4B-00C04F79EFBC}") = "LeBoyLib", "..\LeBoyLib\LeBoyLib.csproj", "{773EE896-771E-4739-A5AC-542C3C3F42E9}"
EndProject
Global
	GlobalSection(SolutionConfigurationPlatforms) = preSolution
		Debug|Any CPU = Debug|Any CPU
		Release|Any CPU = Release|Any CPU
	EndGlobalSection
	GlobalSection(ProjectConfigurationPlatforms) = postSolution
		{45B644F2-BD6C-4AA3-92D8-1911E8976826}.Debug|Any CPU.ActiveCfg = Debug|Any CPU
		{45B644F2-BD6C-4AA3-92D8-1911E8976826}.Debug|Any CPU.Build.0 = Debug|Any CPU
		{45B644F2-BD6C-4AA3-92D8-1911E8976826}.Release|Any CPU.ActiveCfg = Release|Any CPU
		{45B644F2-BD6C-4AA3-92D8-1911E8976826}.Release|Any CPU.Build.0 = Release|Any CPU
		{773EE896-771E-4739-A5AC-542C3C3F42E9}.Debug|Any CPU.ActiveCfg = Debug|Any CPU
		{773EE896-771E-4739-A5AC-542C3C3F42E9}.Debug|Any CPU.Build.0 = Debug|Any CPU
		{773EE896-771E-4739-A5AC-542C3C3F42E9}.Release|Any CPU.ActiveCfg = Release|Any CPU
		{773EE896-771E-4739-A5AC-542C3C3F42E9}.Release|Any CPU.Build.0 = Release|Any CPU
	EndGlobalSection
	GlobalSection(SolutionProperties) = preSolution
		HideSolutionNode = FALSE
	EndGlobalSection
EndGlobal
